
Microsoft Visual Studio Solution File, Format Version 12.00
# Visual Studio Version 17
VisualStudioVersion = 17.2.32630.192
MinimumVisualStudioVersion = 10.0.40219.1
Project("{9A19103F-16F7-4668-BE54-9A1E7A4F7556}") = "Ef-Core-Analysis", "Ef-Core-Analysis\Ef-Core-Analysis.csproj", "{94A147DF-5DCD-4A54-BF3E-31A33A855D87}"
EndProject
Project("{9A19103F-16F7-4668-BE54-9A1E7A4F7556}") = "DbFirst_2", "DbFirst_2\DbFirst_2.csproj", "{C3FF8F4C-0F8A-482D-9DDA-9EF7E3E5D372}"
EndProject
Project("{9A19103F-16F7-4668-BE54-9A1E7A4F7556}") = "DbFirstButSomeTableAndPath", "DbFirstButSomeTableAndPath\DbFirstButSomeTableAndPath.csproj", "{0487C838-F91E-4C04-959E-A51DA75112F6}"
EndProject
Project("{9A19103F-16F7-4668-BE54-9A1E7A4F7556}") = "CodeFirst", "CodeFirst\CodeFirst.csproj", "{B7620F89-2CF3-436F-B375-E4030431144E}"
EndProject
Project("{9A19103F-16F7-4668-BE54-9A1E7A4F7556}") = "Persisting_The_Data_Update", "Persisting_The_Data_Update\Persisting_The_Data_Update.csproj", "{E634C3A7-E549-4472-81E3-4831D8A99792}"
EndProject
Project("{9A19103F-16F7-4668-BE54-9A1E7A4F7556}") = "Persisting_The_Data_Added", "Persisting_The_Data_Added\Persisting_The_Data_Added.csproj", "{DDFE5733-CB2F-4A4A-8F02-E15AA983022A}"
EndProject
Project("{9A19103F-16F7-4668-BE54-9A1E7A4F7556}") = "Querying", "Querying\Querying.csproj", "{0D7C8E82-E870-4992-8B40-7CCADD6F74C4}"
EndProject
Project("{9A19103F-16F7-4668-BE54-9A1E7A4F7556}") = "ChangeTracker", "ChangeTracker\ChangeTracker.csproj", "{DEF73F6C-0A83-4D49-B0F5-0CD9D8DF11B7}"
EndProject
Project("{FAE04EC0-301F-11D3-BF4B-00C04F79EFBC}") = "Relationshhips", "Relationshhips\Relationshhips.csproj", "{61AACC48-77CF-4862-BF3F-CFA34CCDA798}"
EndProject
Project("{9A19103F-16F7-4668-BE54-9A1E7A4F7556}") = "One_To_One_Relationship", "One_To_One_Relationship\One_To_One_Relationship.csproj", "{741B8398-763C-48F4-ACB3-603A81716EEB}"
EndProject
Project("{9A19103F-16F7-4668-BE54-9A1E7A4F7556}") = "One_to_Many_Relationship", "One_to_Many_Relationship\One_to_Many_Relationship.csproj", "{E1AB0E4E-8CE9-45C1-8FB5-D9DCF8227E10}"
EndProject
Project("{9A19103F-16F7-4668-BE54-9A1E7A4F7556}") = "Many_to_Many_Relationship", "Many_to_Many_Relationship\Many_to_Many_Relationship.csproj", "{51D56A22-4AD4-48E0-8013-29DC4DE1D721}"
EndProject
Project("{FAE04EC0-301F-11D3-BF4B-00C04F79EFBC}") = "Saving_Related_Data", "Saving_Related_Data\Saving_Related_Data.csproj", "{CBFE9934-010E-4001-8917-50B936D9E05B}"
EndProject
Project("{FAE04EC0-301F-11D3-BF4B-00C04F79EFBC}") = "Update_Related_Data", "Update_Related_Data\Update_Related_Data.csproj", "{02F6FD7B-0C0B-4885-BD85-7FC879EA7705}"
EndProject
Global
	GlobalSection(SolutionConfigurationPlatforms) = preSolution
		Debug|Any CPU = Debug|Any CPU
		Release|Any CPU = Release|Any CPU
	EndGlobalSection
	GlobalSection(ProjectConfigurationPlatforms) = postSolution
		{94A147DF-5DCD-4A54-BF3E-31A33A855D87}.Debug|Any CPU.ActiveCfg = Debug|Any CPU
		{94A147DF-5DCD-4A54-BF3E-31A33A855D87}.Debug|Any CPU.Build.0 = Debug|Any CPU
		{94A147DF-5DCD-4A54-BF3E-31A33A855D87}.Release|Any CPU.ActiveCfg = Release|Any CPU
		{94A147DF-5DCD-4A54-BF3E-31A33A855D87}.Release|Any CPU.Build.0 = Release|Any CPU
		{C3FF8F4C-0F8A-482D-9DDA-9EF7E3E5D372}.Debug|Any CPU.ActiveCfg = Debug|Any CPU
		{C3FF8F4C-0F8A-482D-9DDA-9EF7E3E5D372}.Debug|Any CPU.Build.0 = Debug|Any CPU
		{C3FF8F4C-0F8A-482D-9DDA-9EF7E3E5D372}.Release|Any CPU.ActiveCfg = Release|Any CPU
		{C3FF8F4C-0F8A-482D-9DDA-9EF7E3E5D372}.Release|Any CPU.Build.0 = Release|Any CPU
		{0487C838-F91E-4C04-959E-A51DA75112F6}.Debug|Any CPU.ActiveCfg = Debug|Any CPU
		{0487C838-F91E-4C04-959E-A51DA75112F6}.Debug|Any CPU.Build.0 = Debug|Any CPU
		{0487C838-F91E-4C04-959E-A51DA75112F6}.Release|Any CPU.ActiveCfg = Release|Any CPU
		{0487C838-F91E-4C04-959E-A51DA75112F6}.Release|Any CPU.Build.0 = Release|Any CPU
		{B7620F89-2CF3-436F-B375-E4030431144E}.Debug|Any CPU.ActiveCfg = Debug|Any CPU
		{B7620F89-2CF3-436F-B375-E4030431144E}.Debug|Any CPU.Build.0 = Debug|Any CPU
		{B7620F89-2CF3-436F-B375-E4030431144E}.Release|Any CPU.ActiveCfg = Release|Any CPU
		{B7620F89-2CF3-436F-B375-E4030431144E}.Release|Any CPU.Build.0 = Release|Any CPU
		{E634C3A7-E549-4472-81E3-4831D8A99792}.Debug|Any CPU.ActiveCfg = Debug|Any CPU
		{E634C3A7-E549-4472-81E3-4831D8A99792}.Debug|Any CPU.Build.0 = Debug|Any CPU
		{E634C3A7-E549-4472-81E3-4831D8A99792}.Release|Any CPU.ActiveCfg = Release|Any CPU
		{E634C3A7-E549-4472-81E3-4831D8A99792}.Release|Any CPU.Build.0 = Release|Any CPU
		{DDFE5733-CB2F-4A4A-8F02-E15AA983022A}.Debug|Any CPU.ActiveCfg = Debug|Any CPU
		{DDFE5733-CB2F-4A4A-8F02-E15AA983022A}.Debug|Any CPU.Build.0 = Debug|Any CPU
		{DDFE5733-CB2F-4A4A-8F02-E15AA983022A}.Release|Any CPU.ActiveCfg = Release|Any CPU
		{DDFE5733-CB2F-4A4A-8F02-E15AA983022A}.Release|Any CPU.Build.0 = Release|Any CPU
		{0D7C8E82-E870-4992-8B40-7CCADD6F74C4}.Debug|Any CPU.ActiveCfg = Debug|Any CPU
		{0D7C8E82-E870-4992-8B40-7CCADD6F74C4}.Debug|Any CPU.Build.0 = Debug|Any CPU
		{0D7C8E82-E870-4992-8B40-7CCADD6F74C4}.Release|Any CPU.ActiveCfg = Release|Any CPU
		{0D7C8E82-E870-4992-8B40-7CCADD6F74C4}.Release|Any CPU.Build.0 = Release|Any CPU
		{DEF73F6C-0A83-4D49-B0F5-0CD9D8DF11B7}.Debug|Any CPU.ActiveCfg = Debug|Any CPU
		{DEF73F6C-0A83-4D49-B0F5-0CD9D8DF11B7}.Debug|Any CPU.Build.0 = Debug|Any CPU
		{DEF73F6C-0A83-4D49-B0F5-0CD9D8DF11B7}.Release|Any CPU.ActiveCfg = Release|Any CPU
		{DEF73F6C-0A83-4D49-B0F5-0CD9D8DF11B7}.Release|Any CPU.Build.0 = Release|Any CPU
		{61AACC48-77CF-4862-BF3F-CFA34CCDA798}.Debug|Any CPU.ActiveCfg = Debug|Any CPU
		{61AACC48-77CF-4862-BF3F-CFA34CCDA798}.Debug|Any CPU.Build.0 = Debug|Any CPU
		{61AACC48-77CF-4862-BF3F-CFA34CCDA798}.Release|Any CPU.ActiveCfg = Release|Any CPU
		{61AACC48-77CF-4862-BF3F-CFA34CCDA798}.Release|Any CPU.Build.0 = Release|Any CPU
		{741B8398-763C-48F4-ACB3-603A81716EEB}.Debug|Any CPU.ActiveCfg = Debug|Any CPU
		{741B8398-763C-48F4-ACB3-603A81716EEB}.Debug|Any CPU.Build.0 = Debug|Any CPU
		{741B8398-763C-48F4-ACB3-603A81716EEB}.Release|Any CPU.ActiveCfg = Release|Any CPU
		{741B8398-763C-48F4-ACB3-603A81716EEB}.Release|Any CPU.Build.0 = Release|Any CPU
		{E1AB0E4E-8CE9-45C1-8FB5-D9DCF8227E10}.Debug|Any CPU.ActiveCfg = Debug|Any CPU
		{E1AB0E4E-8CE9-45C1-8FB5-D9DCF8227E10}.Debug|Any CPU.Build.0 = Debug|Any CPU
		{E1AB0E4E-8CE9-45C1-8FB5-D9DCF8227E10}.Release|Any CPU.ActiveCfg = Release|Any CPU
		{E1AB0E4E-8CE9-45C1-8FB5-D9DCF8227E10}.Release|Any CPU.Build.0 = Release|Any CPU
		{51D56A22-4AD4-48E0-8013-29DC4DE1D721}.Debug|Any CPU.ActiveCfg = Debug|Any CPU
		{51D56A22-4AD4-48E0-8013-29DC4DE1D721}.Debug|Any CPU.Build.0 = Debug|Any CPU
		{51D56A22-4AD4-48E0-8013-29DC4DE1D721}.Release|Any CPU.ActiveCfg = Release|Any CPU
		{51D56A22-4AD4-48E0-8013-29DC4DE1D721}.Release|Any CPU.Build.0 = Release|Any CPU
		{CBFE9934-010E-4001-8917-50B936D9E05B}.Debug|Any CPU.ActiveCfg = Debug|Any CPU
		{CBFE9934-010E-4001-8917-50B936D9E05B}.Debug|Any CPU.Build.0 = Debug|Any CPU
		{CBFE9934-010E-4001-8917-50B936D9E05B}.Release|Any CPU.ActiveCfg = Release|Any CPU
		{CBFE9934-010E-4001-8917-50B936D9E05B}.Release|Any CPU.Build.0 = Release|Any CPU
		{02F6FD7B-0C0B-4885-BD85-7FC879EA7705}.Debug|Any CPU.ActiveCfg = Debug|Any CPU
		{02F6FD7B-0C0B-4885-BD85-7FC879EA7705}.Debug|Any CPU.Build.0 = Debug|Any CPU
		{02F6FD7B-0C0B-4885-BD85-7FC879EA7705}.Release|Any CPU.ActiveCfg = Release|Any CPU
		{02F6FD7B-0C0B-4885-BD85-7FC879EA7705}.Release|Any CPU.Build.0 = Release|Any CPU
	EndGlobalSection
	GlobalSection(SolutionProperties) = preSolution
		HideSolutionNode = FALSE
	EndGlobalSection
	GlobalSection(ExtensibilityGlobals) = postSolution
		SolutionGuid = {6E92665E-298F-460A-8AD9-77E3726574E8}
	EndGlobalSection
EndGlobal
